# THIS IS AN AUTOGENERATED FILE. DO NOT EDIT THIS FILE DIRECTLY.
# yarn lockfile v1


bulma@^0.9.3:
  version "0.9.4"
  resolved "https://registry.yarnpkg.com/bulma/-/bulma-0.9.4.tgz#0ca8aeb1847a34264768dba26a064c8be72674a1"
  integrity sha512-86FlT5+1GrsgKbPLRRY7cGDg8fsJiP/jzTqXXVqiUZZ2aZT8uemEOHlU1CDU+TxklPEZ11HZNNWclRBBecP4CQ==

bulmaswatch@^0.8.1:
  version "0.8.1"
  resolved "https://registry.yarnpkg.com/bulmaswatch/-/bulmaswatch-0.8.1.tgz#3b9cf899dfa2430b9d5178362a45e79f005b0b5b"
  integrity sha512-7HGm5v9If6gzxbTht4/oVS0dhySp6g/JyTrxmpSXHXgDQXivvxiuVmcJOZo3PFv9GAOn4om7SK36I2V8W81sgw==

chokidar@^4.0.0:
  version "4.0.0"
  resolved "https://registry.yarnpkg.com/chokidar/-/chokidar-4.0.0.tgz#4d603963e5dd762dc5c7bb1cb5664e53a3002225"
  integrity sha512-mxIojEAQcuEvT/lyXq+jf/3cO/KoA6z4CeNDGGevTybECPOMFCnQy3OPahluUkbqgPNGw5Bi78UC7Po6Lhy+NA==
  dependencies:
    readdirp "^4.0.1"

css.gg@^2.0.0:
  version "2.0.0"
  resolved "https://registry.yarnpkg.com/css.gg/-/css.gg-2.0.0.tgz#1ba891092ceac58a2550540171c2d469a86b27b2"
  integrity sha512-8qO59kSXLbewo7xaUM4eC8328MTdGmb8atpmw6PRzeDGsZrCkAVjJzKeFDIntagl1/aCee+NG1OQtIvWAjgG/A==

immutable@^4.0.0:
  version "4.1.0"
  resolved "https://registry.yarnpkg.com/immutable/-/immutable-4.1.0.tgz#f795787f0db780183307b9eb2091fcac1f6fafef"
  integrity sha512-oNkuqVTA8jqG1Q6c+UglTOD1xhC1BtjKI7XkCXRkZHrN5m18/XsnUp8Q89GkQO/z+0WjonSvl0FLhDYftp46nQ==

readdirp@^4.0.1:
  version "4.0.1"
  resolved "https://registry.yarnpkg.com/readdirp/-/readdirp-4.0.1.tgz#b2fe35f8dca63183cd3b86883ecc8f720ea96ae6"
  integrity sha512-GkMg9uOTpIWWKbSsgwb5fA4EavTR+SG/PMPoAY8hkhHfEEY0/vqljY+XHqtDf2cr2IJtoNRDbrrEpZUiZCkYRw==

sass@^1.79.0:
  version "1.79.1"
  resolved "https://registry.yarnpkg.com/sass/-/sass-1.79.1.tgz#0c572e8f09cc4095c27077567f78dbb9b3dceeb2"
  integrity sha512-+mA7svoNKeL0DiJqZGeR/ZGUu8he4I8o3jyUcOFyo4eBJrwNgIMmAEwCMo/N2Y3wdjOBcRzoNxZIOtrtMX8EXg==
  dependencies:
    chokidar "^4.0.0"
    immutable "^4.0.0"
    source-map-js ">=0.6.2 <2.0.0"

"source-map-js@>=0.6.2 <2.0.0":
  version "1.0.2"
  resolved "https://registry.yarnpkg.com/source-map-js/-/source-map-js-1.0.2.tgz#adbc361d9c62df380125e7f161f71c826f1e490c"
  integrity sha512-R0XvVJ9WusLiqTCEiGCmICCMplcCkIwwR11mOSD9CR5u+IXYdiseeEuXCVAjS54zqwkLcPNnmU4OeJ6tUrWhDw==
